{
  "name": "astro-template",
  "lockfileVersion": 3,
  "requires": true,
  "packages": {
    "": {
      "dependencies": {
        "@astrojs/db": "^0.20.0"
      }
    },
    "node_modules/@astrojs/db": {
      "version": "0.20.0",
      "resolved": "https://registry.npmjs.org/@astrojs/db/-/db-0.20.0.tgz",
      "integrity": "sha512-NnVkcdPg6E4G4MyOT6qJKChRjKSB5lQWEkw/0PYP21Oxqd5Tk4/kbd/CtO6QziSkalMyiKd808yHHck2Lt0lkw==",
      "license": "MIT",
      "dependencies": {
        "@clack/prompts": "^1.0.1",
        "@libsql/client": "^0.17.0",
        "deep-diff": "^1.0.2",
        "drizzle-orm": "^0.42.0",
        "nanoid": "^5.1.6",
        "piccolore": "^0.1.3",
        "yargs-parser": "^22.0.0",
        "zod": "^4.3.6"
      }
    },
    "node_modules/@clack/core": {
      "version": "1.1.0",
      "resolved": "https://registry.npmjs.org/@clack/core/-/core-1.1.0.tgz",
      "integrity": "sha512-SVcm4Dqm2ukn64/8Gub2wnlA5nS2iWJyCkdNHcvNHPIeBTGojpdJ+9cZKwLfmqy7irD4N5qLteSilJlE0WLAtA==",
      "license": "MIT",
      "dependencies": {
        "sisteransi": "^1.0.5"
      }
    },
    "node_modules/@clack/prompts": {
      "version": "1.1.0",
      "resolved": "https://registry.npmjs.org/@clack/prompts/-/prompts-1.1.0.tgz",
      "integrity": "sha512-pkqbPGtohJAvm4Dphs2M8xE29ggupihHdy1x84HNojZuMtFsHiUlRvqD24tM2+XmI+61LlfNceM3Wr7U5QES5g==",
      "license": "MIT",
      "dependencies": {
        "@clack/core": "1.1.0",
        "sisteransi": "^1.0.5"
      }
    },
    "node_modules/@libsql/client": {
      "version": "0.17.0",
      "resolved": "https://registry.npmjs.org/@libsql/client/-/client-0.17.0.tgz",
      "integrity": "sha512-TLjSU9Otdpq0SpKHl1tD1Nc9MKhrsZbCFGot3EbCxRa8m1E5R1mMwoOjKMMM31IyF7fr+hPNHLpYfwbMKNusmg==",
      "license": "MIT",
      "dependencies": {
        "@libsql/core": "^0.17.0",
        "@libsql/hrana-client": "^0.9.0",
        "js-base64": "^3.7.5",
        "libsql": "^0.5.22",
        "promise-limit": "^2.7.0"
      }
    },
    "node_modules/@libsql/core": {
      "version": "0.17.0",
      "resolved": "https://registry.npmjs.org/@libsql/core/-/core-0.17.0.tgz",
      "integrity": "sha512-hnZRnJHiS+nrhHKLGYPoJbc78FE903MSDrFJTbftxo+e52X+E0Y0fHOCVYsKWcg6XgB7BbJYUrz/xEkVTSaipw==",
      "license": "MIT",
      "dependencies": {
        "js-base64": "^3.7.5"
      }
    },
    "node_modules/@libsql/darwin-arm64": {
      "version": "0.5.22",
      "resolved": "https://registry.npmjs.org/@libsql/darwin-arm64/-/darwin-arm64-0.5.22.tgz",
      "integrity": "sha512-4B8ZlX3nIDPndfct7GNe0nI3Yw6ibocEicWdC4fvQbSs/jdq/RC2oCsoJxJ4NzXkvktX70C1J4FcmmoBy069UA==",
      "cpu": [
        "arm64"
      ],
      "license": "MIT",
      "optional": true,
      "os": [
        "darwin"
      ]
    },
    "node_modules/@libsql/darwin-x64": {
      "version": "0.5.22",
      "resolved": "https://registry.npmjs.org/@libsql/darwin-x64/-/darwin-x64-0.5.22.tgz",
      "integrity": "sha512-ny2HYWt6lFSIdNFzUFIJ04uiW6finXfMNJ7wypkAD8Pqdm6nAByO+Fdqu8t7sD0sqJGeUCiOg480icjyQ2/8VA==",
      "cpu": [
        "x64"
      ],
      "license": "MIT",
      "optional": true,
      "os": [
        "darwin"
      ]
    },
    "node_modules/@libsql/hrana-client": {
      "version": "0.9.0",
      "resolved": "https://registry.npmjs.org/@libsql/hrana-client/-/hrana-client-0.9.0.tgz",
      "integrity": "sha512-pxQ1986AuWfPX4oXzBvLwBnfgKDE5OMhAdR/5cZmRaB4Ygz5MecQybvwZupnRz341r2CtFmbk/BhSu7k2Lm+Jw==",
      "license": "MIT",
      "dependencies": {
        "@libsql/isomorphic-ws": "^0.1.5",
        "cross-fetch": "^4.0.0",
        "js-base64": "^3.7.5",
        "node-fetch": "^3.3.2"
      }
    },
    "node_modules/@libsql/isomorphic-ws": {
      "version": "0.1.5",
      "resolved": "https://registry.npmjs.org/@libsql/isomorphic-ws/-/isomorphic-ws-0.1.5.tgz",
      "integrity": "sha512-DtLWIH29onUYR00i0GlQ3UdcTRC6EP4u9w/h9LxpUZJWRMARk6dQwZ6Jkd+QdwVpuAOrdxt18v0K2uIYR3fwFg==",
      "license": "MIT",
      "dependencies": {
        "@types/ws": "^8.5.4",
        "ws": "^8.13.0"
      }
    },
    "node_modules/@libsql/linux-arm-gnueabihf": {
      "version": "0.5.22",
      "resolved": "https://registry.npmjs.org/@libsql/linux-arm-gnueabihf/-/linux-arm-gnueabihf-0.5.22.tgz",
      "integrity": "sha512-3Uo3SoDPJe/zBnyZKosziRGtszXaEtv57raWrZIahtQDsjxBVjuzYQinCm9LRCJCUT5t2r5Z5nLDPJi2CwZVoA==",
      "cpu": [
        "arm"
      ],
      "license": "MIT",
      "optional": true,
      "os": [
        "linux"
      ]
    },
    "node_modules/@libsql/linux-arm-musleabihf": {
      "version": "0.5.22",
      "resolved": "https://registry.npmjs.org/@libsql/linux-arm-musleabihf/-/linux-arm-musleabihf-0.5.22.tgz",
      "integrity": "sha512-LCsXh07jvSojTNJptT9CowOzwITznD+YFGGW+1XxUr7fS+7/ydUrpDfsMX7UqTqjm7xG17eq86VkWJgHJfvpNg==",
      "cpu": [
        "arm"
      ],
      "license": "MIT",
      "optional": true,
      "os": [
        "linux"
      ]
    },
    "node_modules/@libsql/linux-arm64-gnu": {
      "version": "0.5.22",
      "resolved": "https://registry.npmjs.org/@libsql/linux-arm64-gnu/-/linux-arm64-gnu-0.5.22.tgz",
      "integrity": "sha512-KSdnOMy88c9mpOFKUEzPskSaF3VLflfSUCBwas/pn1/sV3pEhtMF6H8VUCd2rsedwoukeeCSEONqX7LLnQwRMA==",
      "cpu": [
        "arm64"
      ],
      "license": "MIT",
      "optional": true,
      "os": [
        "linux"
      ]
    },
    "node_modules/@libsql/linux-arm64-musl": {
      "version": "0.5.22",
      "resolved": "https://registry.npmjs.org/@libsql/linux-arm64-musl/-/linux-arm64-musl-0.5.22.tgz",
      "integrity": "sha512-mCHSMAsDTLK5YH//lcV3eFEgiR23Ym0U9oEvgZA0667gqRZg/2px+7LshDvErEKv2XZ8ixzw3p1IrBzLQHGSsw==",
      "cpu": [
        "arm64"
      ],
      "license": "MIT",
      "optional": true,
      "os": [
        "linux"
      ]
    },
    "node_modules/@libsql/linux-x64-gnu": {
      "version": "0.5.22",
      "resolved": "https://registry.npmjs.org/@libsql/linux-x64-gnu/-/linux-x64-gnu-0.5.22.tgz",
      "integrity": "sha512-kNBHaIkSg78Y4BqAdgjcR2mBilZXs4HYkAmi58J+4GRwDQZh5fIUWbnQvB9f95DkWUIGVeenqLRFY2pcTmlsew==",
      "cpu": [
        "x64"
      ],
      "license": "MIT",
      "optional": true,
      "os": [
        "linux"
      ]
    },
    "node_modules/@libsql/linux-x64-musl": {
      "version": "0.5.22",
      "resolved": "https://registry.npmjs.org/@libsql/linux-x64-musl/-/linux-x64-musl-0.5.22.tgz",
      "integrity": "sha512-UZ4Xdxm4pu3pQXjvfJiyCzZop/9j/eA2JjmhMaAhe3EVLH2g11Fy4fwyUp9sT1QJYR1kpc2JLuybPM0kuXv/Tg==",
      "cpu": [
        "x64"
      ],
      "license": "MIT",
      "optional": true,
      "os": [
        "linux"
      ]
    },
    "node_modules/@libsql/win32-x64-msvc": {
      "version": "0.5.22",
      "resolved": "https://registry.npmjs.org/@libsql/win32-x64-msvc/-/win32-x64-msvc-0.5.22.tgz",
      "integrity": "sha512-Fj0j8RnBpo43tVZUVoNK6BV/9AtDUM5S7DF3LB4qTYg1LMSZqi3yeCneUTLJD6XomQJlZzbI4mst89yspVSAnA==",
      "cpu": [
        "x64"
      ],
      "license": "MIT",
      "optional": true,
      "os": [
        "win32"
      ]
    },
    "node_modules/@neon-rs/load": {
      "version": "0.0.4",
      "resolved": "https://registry.npmjs.org/@neon-rs/load/-/load-0.0.4.tgz",
      "integrity": "sha512-kTPhdZyTQxB+2wpiRcFWrDcejc4JI6tkPuS7UZCG4l6Zvc5kU/gGQ/ozvHTh1XR5tS+UlfAfGuPajjzQjCiHCw==",
      "license": "MIT"
    },
    "node_modules/@types/node": {
      "version": "25.4.0",
      "resolved": "https://registry.npmjs.org/@types/node/-/node-25.4.0.tgz",
      "integrity": "sha512-9wLpoeWuBlcbBpOY3XmzSTG3oscB6xjBEEtn+pYXTfhyXhIxC5FsBer2KTopBlvKEiW9l13po9fq+SJY/5lkhw==",
      "license": "MIT",
      "dependencies": {
        "undici-types": "~7.18.0"
      }
    },
    "node_modules/@types/ws": {
      "version": "8.18.1",
      "resolved": "https://registry.npmjs.org/@types/ws/-/ws-8.18.1.tgz",
      "integrity": "sha512-ThVF6DCVhA8kUGy+aazFQ4kXQ7E1Ty7A3ypFOe0IcJV8O/M511G99AW24irKrW56Wt44yG9+ij8FaqoBGkuBXg==",
      "license": "MIT",
      "dependencies": {
        "@types/node": "*"
      }
    },
    "node_modules/cross-fetch": {
      "version": "4.1.0",
      "resolved": "https://registry.npmjs.org/cross-fetch/-/cross-fetch-4.1.0.tgz",
      "integrity": "sha512-uKm5PU+MHTootlWEY+mZ4vvXoCn4fLQxT9dSc1sXVMSFkINTJVN8cAQROpwcKm8bJ/c7rgZVIBWzH5T78sNZZw==",
      "license": "MIT",
      "dependencies": {
        "node-fetch": "^2.7.0"
      }
    },
    "node_modules/cross-fetch/node_modules/node-fetch": {
      "version": "2.7.0",
      "resolved": "https://registry.npmjs.org/node-fetch/-/node-fetch-2.7.0.tgz",
      "integrity": "sha512-c4FRfUm/dbcWZ7U+1Wq0AwCyFL+3nt2bEw05wfxSz+DWpWsitgmSgYmy2dQdWyKC1694ELPqMs/YzUSNozLt8A==",
      "license": "MIT",
      "dependencies": {
        "whatwg-url": "^5.0.0"
      },
      "engines": {
        "node": "4.x || >=6.0.0"
      },
      "peerDependencies": {
        "encoding": "^0.1.0"
      },
      "peerDependenciesMeta": {
        "encoding": {
          "optional": true
        }
      }
    },
    "node_modules/data-uri-to-buffer": {
      "version": "4.0.1",
      "resolved": "https://registry.npmjs.org/data-uri-to-buffer/-/data-uri-to-buffer-4.0.1.tgz",
      "integrity": "sha512-0R9ikRb668HB7QDxT1vkpuUBtqc53YyAwMwGeUFKRojY/NWKvdZ+9UYtRfGmhqNbRkTSVpMbmyhXipFFv2cb/A==",
      "license": "MIT",
      "engines": {
        "node": ">= 12"
      }
    },
    "node_modules/deep-diff": {
      "version": "1.0.2",
      "resolved": "https://registry.npmjs.org/deep-diff/-/deep-diff-1.0.2.tgz",
      "integrity": "sha512-aWS3UIVH+NPGCD1kki+DCU9Dua032iSsO43LqQpcs4R3+dVv7tX0qBGjiVHJHjplsoUM2XRO/KB92glqc68awg==",
      "deprecated": "Package no longer supported. Contact Support at https://www.npmjs.com/support for more info.",
      "license": "MIT"
    },
    "node_modules/detect-libc": {
      "version": "2.0.2",
      "resolved": "https://registry.npmjs.org/detect-libc/-/detect-libc-2.0.2.tgz",
      "integrity": "sha512-UX6sGumvvqSaXgdKGUsgZWqcUyIXZ/vZTrlRT/iobiKhGL0zL4d3osHj3uqllWJK+i+sixDS/3COVEOFbupFyw==",
      "license": "Apache-2.0",
      "engines": {
        "node": ">=8"
      }
    },
    "node_modules/drizzle-orm": {
      "version": "0.42.0",
      "resolved": "https://registry.npmjs.org/drizzle-orm/-/drizzle-orm-0.42.0.tgz",
      "integrity": "sha512-pS8nNJm2kBNZwrOjTHJfdKkaU+KuUQmV/vk5D57NojDq4FG+0uAYGMulXtYT///HfgsMF0hnFFvu1ezI3OwOkg==",
      "license": "Apache-2.0",
      "peerDependencies": {
        "@aws-sdk/client-rds-data": ">=3",
        "@cloudflare/workers-types": ">=4",
        "@electric-sql/pglite": ">=0.2.0",
        "@libsql/client": ">=0.10.0",
        "@libsql/client-wasm": ">=0.10.0",
        "@neondatabase/serverless": ">=0.10.0",
        "@op-engineering/op-sqlite": ">=2",
        "@opentelemetry/api": "^1.4.1",
        "@planetscale/database": ">=1.13",
        "@prisma/client": "*",
        "@tidbcloud/serverless": "*",
        "@types/better-sqlite3": "*",
        "@types/pg": "*",
        "@types/sql.js": "*",
        "@vercel/postgres": ">=0.8.0",
        "@xata.io/client": "*",
        "better-sqlite3": ">=7",
        "bun-types": "*",
        "expo-sqlite": ">=14.0.0",
        "gel": ">=2",
        "knex": "*",
        "kysely": "*",
        "mysql2": ">=2",
        "pg": ">=8",
        "postgres": ">=3",
        "sql.js": ">=1",
        "sqlite3": ">=5"
      },
      "peerDependenciesMeta": {
        "@aws-sdk/client-rds-data": {
          "optional": true
        },
        "@cloudflare/workers-types": {
          "optional": true
        },
        "@electric-sql/pglite": {
          "optional": true
        },
        "@libsql/client": {
          "optional": true
        },
        "@libsql/client-wasm": {
          "optional": true
        },
        "@neondatabase/serverless": {
          "optional": true
        },
        "@op-engineering/op-sqlite": {
          "optional": true
        },
        "@opentelemetry/api": {
          "optional": true
        },
        "@planetscale/database": {
          "optional": true
        },
        "@prisma/client": {
          "optional": true
        },
        "@tidbcloud/serverless": {
          "optional": true
        },
        "@types/better-sqlite3": {
          "optional": true
        },
        "@types/pg": {
          "optional": true
        },
        "@types/sql.js": {
          "optional": true
        },
        "@vercel/postgres": {
          "optional": true
        },
        "@xata.io/client": {
          "optional": true
        },
        "better-sqlite3": {
          "optional": true
        },
        "bun-types": {
          "optional": true
        },
        "expo-sqlite": {
          "optional": true
        },
        "gel": {
          "optional": true
        },
        "knex": {
          "optional": true
        },
        "kysely": {
          "optional": true
        },
        "mysql2": {
          "optional": true
        },
        "pg": {
          "optional": true
        },
        "postgres": {
          "optional": true
        },
        "prisma": {
          "optional": true
        },
        "sql.js": {
          "optional": true
        },
        "sqlite3": {
          "optional": true
        }
      }
    },
    "node_modules/fetch-blob": {
      "version": "3.2.0",
      "resolved": "https://registry.npmjs.org/fetch-blob/-/fetch-blob-3.2.0.tgz",
      "integrity": "sha512-7yAQpD2UMJzLi1Dqv7qFYnPbaPx7ZfFK6PiIxQ4PfkGPyNyl2Ugx+a/umUonmKqjhM4DnfbMvdX6otXq83soQQ==",
      "funding": [
        {
          "type": "github",
          "url": "https://github.com/sponsors/jimmywarting"
        },
        {
          "type": "paypal",
          "url": "https://paypal.me/jimmywarting"
        }
      ],
      "license": "MIT",
      "dependencies": {
        "node-domexception": "^1.0.0",
        "web-streams-polyfill": "^3.0.3"
      },
      "engines": {
        "node": "^12.20 || >= 14.13"
      }
    },
    "node_modules/formdata-polyfill": {
      "version": "4.0.10",
      "resolved": "https://registry.npmjs.org/formdata-polyfill/-/formdata-polyfill-4.0.10.tgz",
      "integrity": "sha512-buewHzMvYL29jdeQTVILecSaZKnt/RJWjoZCF5OW60Z67/GmSLBkOFM7qh1PI3zFNtJbaZL5eQu1vLfazOwj4g==",
      "license": "MIT",
      "dependencies": {
        "fetch-blob": "^3.1.2"
      },
      "engines": {
        "node": ">=12.20.0"
      }
    },
    "node_modules/js-base64": {
      "version": "3.7.8",
      "resolved": "https://registry.npmjs.org/js-base64/-/js-base64-3.7.8.tgz",
      "integrity": "sha512-hNngCeKxIUQiEUN3GPJOkz4wF/YvdUdbNL9hsBcMQTkKzboD7T/q3OYOuuPZLUE6dBxSGpwhk5mwuDud7JVAow==",
      "license": "BSD-3-Clause"
    },
    "node_modules/libsql": {
      "version": "0.5.22",
      "resolved": "https://registry.npmjs.org/libsql/-/libsql-0.5.22.tgz",
      "integrity": "sha512-NscWthMQt7fpU8lqd7LXMvT9pi+KhhmTHAJWUB/Lj6MWa0MKFv0F2V4C6WKKpjCVZl0VwcDz4nOI3CyaT1DDiA==",
      "cpu": [
        "x64",
        "arm64",
        "wasm32",
        "arm"
      ],
      "license": "MIT",
      "os": [
        "darwin",
        "linux",
        "win32"
      ],
      "dependencies": {
        "@neon-rs/load": "^0.0.4",
        "detect-libc": "2.0.2"
      },
      "optionalDependencies": {
        "@libsql/darwin-arm64": "0.5.22",
        "@libsql/darwin-x64": "0.5.22",
        "@libsql/linux-arm-gnueabihf": "0.5.22",
        "@libsql/linux-arm-musleabihf": "0.5.22",
        "@libsql/linux-arm64-gnu": "0.5.22",
        "@libsql/linux-arm64-musl": "0.5.22",
        "@libsql/linux-x64-gnu": "0.5.22",
        "@libsql/linux-x64-musl": "0.5.22",
        "@libsql/win32-x64-msvc": "0.5.22"
      }
    },
    "node_modules/nanoid": {
      "version": "5.1.6",
      "resolved": "https://registry.npmjs.org/nanoid/-/nanoid-5.1.6.tgz",
      "integrity": "sha512-c7+7RQ+dMB5dPwwCp4ee1/iV/q2P6aK1mTZcfr1BTuVlyW9hJYiMPybJCcnBlQtuSmTIWNeazm/zqNoZSSElBg==",
      "funding": [
        {
          "type": "github",
          "url": "https://github.com/sponsors/ai"
        }
      ],
      "license": "MIT",
      "bin": {
        "nanoid": "bin/nanoid.js"
      },
      "engines": {
        "node": "^18 || >=20"
      }
    },
    "node_modules/node-domexception": {
      "version": "1.0.0",
      "resolved": "https://registry.npmjs.org/node-domexception/-/node-domexception-1.0.0.tgz",
      "integrity": "sha512-/jKZoMpw0F8GRwl4/eLROPA3cfcXtLApP0QzLmUT/HuPCZWyB7IY9ZrMeKw2O/nFIqPQB3PVM9aYm0F312AXDQ==",
      "deprecated": "Use your platform's native DOMException instead",
      "funding": [
        {
          "type": "github",
          "url": "https://github.com/sponsors/jimmywarting"
        },
        {
          "type": "github",
          "url": "https://paypal.me/jimmywarting"
        }
      ],
      "license": "MIT",
      "engines": {
        "node": ">=10.5.0"
      }
    },
    "node_modules/node-fetch": {
      "version": "3.3.2",
      "resolved": "https://registry.npmjs.org/node-fetch/-/node-fetch-3.3.2.tgz",
      "integrity": "sha512-dRB78srN/l6gqWulah9SrxeYnxeddIG30+GOqK/9OlLVyLg3HPnr6SqOWTWOXKRwC2eGYCkZ59NNuSgvSrpgOA==",
      "license": "MIT",
      "dependencies": {
        "data-uri-to-buffer": "^4.0.0",
        "fetch-blob": "^3.1.4",
        "formdata-polyfill": "^4.0.10"
      },
      "engines": {
        "node": "^12.20.0 || ^14.13.1 || >=16.0.0"
      },
      "funding": {
        "type": "opencollective",
        "url": "https://opencollective.com/node-fetch"
      }
    },
    "node_modules/piccolore": {
      "version": "0.1.3",
      "resolved": "https://registry.npmjs.org/piccolore/-/piccolore-0.1.3.tgz",
      "integrity": "sha512-o8bTeDWjE086iwKrROaDf31K0qC/BENdm15/uH9usSC/uZjJOKb2YGiVHfLY4GhwsERiPI1jmwI2XrA7ACOxVw==",
      "license": "ISC"
    },
    "node_modules/promise-limit": {
      "version": "2.7.0",
      "resolved": "https://registry.npmjs.org/promise-limit/-/promise-limit-2.7.0.tgz",
      "integrity": "sha512-7nJ6v5lnJsXwGprnGXga4wx6d1POjvi5Qmf1ivTRxTjH4Z/9Czja/UCMLVmB9N93GeWOU93XaFaEt6jbuoagNw==",
      "license": "ISC"
    },
    "node_modules/sisteransi": {
      "version": "1.0.5",
      "resolved": "https://registry.npmjs.org/sisteransi/-/sisteransi-1.0.5.tgz",
      "integrity": "sha512-bLGGlR1QxBcynn2d5YmDX4MGjlZvy2MRBDRNHLJ8VI6l6+9FUiyTFNJ0IveOSP0bcXgVDPRcfGqA0pjaqUpfVg==",
      "license": "MIT"
    },
    "node_modules/tr46": {
      "version": "0.0.3",
      "resolved": "https://registry.npmjs.org/tr46/-/tr46-0.0.3.tgz",
      "integrity": "sha512-N3WMsuqV66lT30CrXNbEjx4GEwlow3v6rr4mCcv6prnfwhS01rkgyFdjPNBYd9br7LpXV1+Emh01fHnq2Gdgrw==",
      "license": "MIT"
    },
    "node_modules/undici-types": {
      "version": "7.18.2",
      "resolved": "https://registry.npmjs.org/undici-types/-/undici-types-7.18.2.tgz",
      "integrity": "sha512-AsuCzffGHJybSaRrmr5eHr81mwJU3kjw6M+uprWvCXiNeN9SOGwQ3Jn8jb8m3Z6izVgknn1R0FTCEAP2QrLY/w==",
      "license": "MIT"
    },
    "node_modules/web-streams-polyfill": {
      "version": "3.3.3",
      "resolved": "https://registry.npmjs.org/web-streams-polyfill/-/web-streams-polyfill-3.3.3.tgz",
      "integrity": "sha512-d2JWLCivmZYTSIoge9MsgFCZrt571BikcWGYkjC1khllbTeDlGqZ2D8vD8E/lJa8WGWbb7Plm8/XJYV7IJHZZw==",
      "license": "MIT",
      "engines": {
        "node": ">= 8"
      }
    },
    "node_modules/webidl-conversions": {
      "version": "3.0.1",
      "resolved": "https://registry.npmjs.org/webidl-conversions/-/webidl-conversions-3.0.1.tgz",
      "integrity": "sha512-2JAn3z8AR6rjK8Sm8orRC0h/bcl/DqL7tRPdGZ4I1CjdF+EaMLmYxBHyXuKL849eucPFhvBoxMsflfOb8kxaeQ==",
      "license": "BSD-2-Clause"
    },
    "node_modules/whatwg-url": {
      "version": "5.0.0",
      "resolved": "https://registry.npmjs.org/whatwg-url/-/whatwg-url-5.0.0.tgz",
      "integrity": "sha512-saE57nupxk6v3HY35+jzBwYa0rKSy0XR8JSxZPwgLr7ys0IBzhGviA1/TUGJLmSVqs8pb9AnvICXEuOHLprYTw==",
      "license": "MIT",
      "dependencies": {
        "tr46": "~0.0.3",
        "webidl-conversions": "^3.0.0"
      }
    },
    "node_modules/ws": {
      "version": "8.19.0",
      "resolved": "https://registry.npmjs.org/ws/-/ws-8.19.0.tgz",
      "integrity": "sha512-blAT2mjOEIi0ZzruJfIhb3nps74PRWTCz1IjglWEEpQl5XS/UNama6u2/rjFkDDouqr4L67ry+1aGIALViWjDg==",
      "license": "MIT",
      "engines": {
        "node": ">=10.0.0"
      },
      "peerDependencies": {
        "bufferutil": "^4.0.1",
        "utf-8-validate": ">=5.0.2"
      },
      "peerDependenciesMeta": {
        "bufferutil": {
          "optional": true
        },
        "utf-8-validate": {
          "optional": true
        }
      }
    },
    "node_modules/yargs-parser": {
      "version": "22.0.0",
      "resolved": "https://registry.npmjs.org/yargs-parser/-/yargs-parser-22.0.0.tgz",
      "integrity": "sha512-rwu/ClNdSMpkSrUb+d6BRsSkLUq1fmfsY6TOpYzTwvwkg1/NRG85KBy3kq++A8LKQwX6lsu+aWad+2khvuXrqw==",
      "license": "ISC",
      "engines": {
        "node": "^20.19.0 || ^22.12.0 || >=23"
      }
    },
    "node_modules/zod": {
      "version": "4.3.6",
      "resolved": "https://registry.npmjs.org/zod/-/zod-4.3.6.tgz",
      "integrity": "sha512-rftlrkhHZOcjDwkGlnUtZZkvaPHCsDATp4pGpuOOMDaTdDDXF91wuVDJoWoPsKX/3YPQ5fHuF3STjcYyKr+Qhg==",
      "license": "MIT",
      "funding": {
        "url": "https://github.com/sponsors/colinhacks"
      }
    }
  }
}
